// !$*UTF8*$!
{
	archiveVersion = 1;
	classes = {
	};
	objectVersion = 55;
	objects = {

/* Begin PBXBuildFile section */
		911FC06E271F30BF00092960 /* HideKeyboardExtension.swift in Sources */ = {isa = PBXBuildFile; fileRef = 911FC06D271F30BF00092960 /* HideKeyboardExtension.swift */; };
		911FC070271F400500092960 /* BackgroundImageView.swift in Sources */ = {isa = PBXBuildFile; fileRef = 911FC06F271F400500092960 /* BackgroundImageView.swift */; };
		9149DA60271DD9A300E6D878 /* TaskerApp.swift in Sources */ = {isa = PBXBuildFile; fileRef = 9149DA5F271DD9A300E6D878 /* TaskerApp.swift */; };
		9149DA62271DD9A300E6D878 /* ContentView.swift in Sources */ = {isa = PBXBuildFile; fileRef = 9149DA61271DD9A300E6D878 /* ContentView.swift */; };
		9149DA64271DD9A600E6D878 /* Assets.xcassets in Resources */ = {isa = PBXBuildFile; fileRef = 9149DA63271DD9A600E6D878 /* Assets.xcassets */; };
		9149DA67271DD9A600E6D878 /* Preview Assets.xcassets in Resources */ = {isa = PBXBuildFile; fileRef = 9149DA66271DD9A600E6D878 /* Preview Assets.xcassets */; };
		9149DA69271DD9A600E6D878 /* Persistence.swift in Sources */ = {isa = PBXBuildFile; fileRef = 9149DA68271DD9A600E6D878 /* Persistence.swift */; };
		9149DA6C271DD9A600E6D878 /* Tasker.xcdatamodeld in Sources */ = {isa = PBXBuildFile; fileRef = 9149DA6A271DD9A600E6D878 /* Tasker.xcdatamodeld */; };
		9149DA76271DD9A600E6D878 /* TaskerTests.swift in Sources */ = {isa = PBXBuildFile; fileRef = 9149DA75271DD9A600E6D878 /* TaskerTests.swift */; };
		9149DA80271DD9A600E6D878 /* TaskerUITests.swift in Sources */ = {isa = PBXBuildFile; fileRef = 9149DA7F271DD9A600E6D878 /* TaskerUITests.swift */; };
		9149DA82271DD9A600E6D878 /* TaskerUITestsLaunchTests.swift in Sources */ = {isa = PBXBuildFile; fileRef = 9149DA81271DD9A600E6D878 /* TaskerUITestsLaunchTests.swift */; };
		9149DA91271DDAE200E6D878 /* sound-ding.mp3 in Resources */ = {isa = PBXBuildFile; fileRef = 9149DA8E271DDAE200E6D878 /* sound-ding.mp3 */; };
		9149DA92271DDAE200E6D878 /* sound-rise.mp3 in Resources */ = {isa = PBXBuildFile; fileRef = 9149DA8F271DDAE200E6D878 /* sound-rise.mp3 */; };
		9149DA93271DDAE200E6D878 /* sound-tap.mp3 in Resources */ = {isa = PBXBuildFile; fileRef = 9149DA90271DDAE200E6D878 /* sound-tap.mp3 */; };
		9149DAA0271DEC9800E6D878 /* Constant.swift in Sources */ = {isa = PBXBuildFile; fileRef = 9149DA9F271DEC9800E6D878 /* Constant.swift */; };
/* End PBXBuildFile section */

/* Begin PBXContainerItemProxy section */
		9149DA72271DD9A600E6D878 /* PBXContainerItemProxy */ = {
			isa = PBXContainerItemProxy;
			containerPortal = 9149DA54271DD9A300E6D878 /* Project object */;
			proxyType = 1;
			remoteGlobalIDString = 9149DA5B271DD9A300E6D878;
			remoteInfo = Tasker;
		};
		9149DA7C271DD9A600E6D878 /* PBXContainerItemProxy */ = {
			isa = PBXContainerItemProxy;
			containerPortal = 9149DA54271DD9A300E6D878 /* Project object */;
			proxyType = 1;
			remoteGlobalIDString = 9149DA5B271DD9A300E6D878;
			remoteInfo = Tasker;
		};
/* End PBXContainerItemProxy section */

/* Begin PBXFileReference section */
		911FC06D271F30BF00092960 /* HideKeyboardExtension.swift */ = {isa = PBXFileReference; lastKnownFileType = sourcecode.swift; path = HideKeyboardExtension.swift; sourceTree = "<group>"; };
		911FC06F271F400500092960 /* BackgroundImageView.swift */ = {isa = PBXFileReference; lastKnownFileType = sourcecode.swift; path = BackgroundImageView.swift; sourceTree = "<group>"; };
		9149DA5C271DD9A300E6D878 /* Tasker.app */ = {isa = PBXFileReference; explicitFileType = wrapper.application; includeInIndex = 0; path = Tasker.app; sourceTree = BUILT_PRODUCTS_DIR; };
		9149DA5F271DD9A300E6D878 /* TaskerApp.swift */ = {isa = PBXFileReference; lastKnownFileType = sourcecode.swift; path = TaskerApp.swift; sourceTree = "<group>"; };
		9149DA61271DD9A300E6D878 /* ContentView.swift */ = {isa = PBXFileReference; lastKnownFileType = sourcecode.swift; path = ContentView.swift; sourceTree = "<group>"; };
		9149DA63271DD9A600E6D878 /* Assets.xcassets */ = {isa = PBXFileReference; lastKnownFileType = folder.assetcatalog; path = Assets.xcassets; sourceTree = "<group>"; };
		9149DA66271DD9A600E6D878 /* Preview Assets.xcassets */ = {isa = PBXFileReference; lastKnownFileType = folder.assetcatalog; path = "Preview Assets.xcassets"; sourceTree = "<group>"; };
		9149DA68271DD9A600E6D878 /* Persistence.swift */ = {isa = PBXFileReference; lastKnownFileType = sourcecode.swift; path = Persistence.swift; sourceTree = "<group>"; };
		9149DA6B271DD9A600E6D878 /* Tasker.xcdatamodel */ = {isa = PBXFileReference; lastKnownFileType = wrapper.xcdatamodel; path = Tasker.xcdatamodel; sourceTree = "<group>"; };
		9149DA71271DD9A600E6D878 /* TaskerTests.xctest */ = {isa = PBXFileReference; explicitFileType = wrapper.cfbundle; includeInIndex = 0; path = TaskerTests.xctest; sourceTree = BUILT_PRODUCTS_DIR; };
		9149DA75271DD9A600E6D878 /* TaskerTests.swift */ = {isa = PBXFileReference; lastKnownFileType = sourcecode.swift; path = TaskerTests.swift; sourceTree = "<group>"; };
		9149DA7B271DD9A600E6D878 /* TaskerUITests.xctest */ = {isa = PBXFileReference; explicitFileType = wrapper.cfbundle; includeInIndex = 0; path = TaskerUITests.xctest; sourceTree = BUILT_PRODUCTS_DIR; };
		9149DA7F271DD9A600E6D878 /* TaskerUITests.swift */ = {isa = PBXFileReference; lastKnownFileType = sourcecode.swift; path = TaskerUITests.swift; sourceTree = "<group>"; };
		9149DA81271DD9A600E6D878 /* TaskerUITestsLaunchTests.swift */ = {isa = PBXFileReference; lastKnownFileType = sourcecode.swift; path = TaskerUITestsLaunchTests.swift; sourceTree = "<group>"; };
		9149DA8E271DDAE200E6D878 /* sound-ding.mp3 */ = {isa = PBXFileReference; lastKnownFileType = audio.mp3; path = "sound-ding.mp3"; sourceTree = "<group>"; };
		9149DA8F271DDAE200E6D878 /* sound-rise.mp3 */ = {isa = PBXFileReference; lastKnownFileType = audio.mp3; path = "sound-rise.mp3"; sourceTree = "<group>"; };
		9149DA90271DDAE200E6D878 /* sound-tap.mp3 */ = {isa = PBXFileReference; lastKnownFileType = audio.mp3; path = "sound-tap.mp3"; sourceTree = "<group>"; };
		9149DA9A271DDC0C00E6D878 /* Info.plist */ = {isa = PBXFileReference; lastKnownFileType = text.plist; path = Info.plist; sourceTree = "<group>"; };
		9149DA9F271DEC9800E6D878 /* Constant.swift */ = {isa = PBXFileReference; lastKnownFileType = sourcecode.swift; path = Constant.swift; sourceTree = "<group>"; };
/* End PBXFileReference section */

/* Begin PBXFrameworksBuildPhase section */
		9149DA59271DD9A300E6D878 /* Frameworks */ = {
			isa = PBXFrameworksBuildPhase;
			buildActionMask = 2147483647;
			files = (
			);
			runOnlyForDeploymentPostprocessing = 0;
		};
		9149DA6E271DD9A600E6D878 /* Frameworks */ = {
			isa = PBXFrameworksBuildPhase;
			buildActionMask = 2147483647;
			files = (
			);
			runOnlyForDeploymentPostprocessing = 0;
		};
		9149DA78271DD9A600E6D878 /* Frameworks */ = {
			isa = PBXFrameworksBuildPhase;
			buildActionMask = 2147483647;
			files = (
			);
			runOnlyForDeploymentPostprocessing = 0;
		};
/* End PBXFrameworksBuildPhase section */

/* Begin PBXGroup section */
		9149DA53271DD9A300E6D878 = {
			isa = PBXGroup;
			children = (
				9149DA5E271DD9A300E6D878 /* Tasker */,
				9149DA74271DD9A600E6D878 /* TaskerTests */,
				9149DA7E271DD9A600E6D878 /* TaskerUITests */,
				9149DA5D271DD9A300E6D878 /* Products */,
			);
			sourceTree = "<group>";
		};
		9149DA5D271DD9A300E6D878 /* Products */ = {
			isa = PBXGroup;
			children = (
				9149DA5C271DD9A300E6D878 /* Tasker.app */,
				9149DA71271DD9A600E6D878 /* TaskerTests.xctest */,
				9149DA7B271DD9A600E6D878 /* TaskerUITests.xctest */,
			);
			name = Products;
			sourceTree = "<group>";
		};
		9149DA5E271DD9A300E6D878 /* Tasker */ = {
			isa = PBXGroup;
			children = (
				9149DA9A271DDC0C00E6D878 /* Info.plist */,
				9149DA5F271DD9A300E6D878 /* TaskerApp.swift */,
				9149DA95271DDB3400E6D878 /* View */,
				9149DA99271DDB7F00E6D878 /* Model */,
				9149DA98271DDB5500E6D878 /* Style */,
				9149DA97271DDB4A00E6D878 /* Utility */,
				9149DA94271DDB1400E6D878 /* Sound */,
				9149DA96271DDB3C00E6D878 /* Extension */,
				9149DA63271DD9A600E6D878 /* Assets.xcassets */,
				9149DA65271DD9A600E6D878 /* Preview Content */,
			);
			path = Tasker;
			sourceTree = "<group>";
		};
		9149DA65271DD9A600E6D878 /* Preview Content */ = {
			isa = PBXGroup;
			children = (
				9149DA66271DD9A600E6D878 /* Preview Assets.xcassets */,
			);
			path = "Preview Content";
			sourceTree = "<group>";
		};
		9149DA74271DD9A600E6D878 /* TaskerTests */ = {
			isa = PBXGroup;
			children = (
				9149DA75271DD9A600E6D878 /* TaskerTests.swift */,
			);
			path = TaskerTests;
			sourceTree = "<group>";
		};
		9149DA7E271DD9A600E6D878 /* TaskerUITests */ = {
			isa = PBXGroup;
			children = (
				9149DA7F271DD9A600E6D878 /* TaskerUITests.swift */,
				9149DA81271DD9A600E6D878 /* TaskerUITestsLaunchTests.swift */,
			);
			path = TaskerUITests;
			sourceTree = "<group>";
		};
		9149DA94271DDB1400E6D878 /* Sound */ = {
			isa = PBXGroup;
			children = (
				9149DA8E271DDAE200E6D878 /* sound-ding.mp3 */,
				9149DA8F271DDAE200E6D878 /* sound-rise.mp3 */,
				9149DA90271DDAE200E6D878 /* sound-tap.mp3 */,
			);
			path = Sound;
			sourceTree = "<group>";
		};
		9149DA95271DDB3400E6D878 /* View */ = {
			isa = PBXGroup;
			children = (
				9149DA61271DD9A300E6D878 /* ContentView.swift */,
				911FC06F271F400500092960 /* BackgroundImageView.swift */,
			);
			path = View;
			sourceTree = "<group>";
		};
		9149DA96271DDB3C00E6D878 /* Extension */ = {
			isa = PBXGroup;
			children = (
				911FC06D271F30BF00092960 /* HideKeyboardExtension.swift */,
			);
			path = Extension;
			sourceTree = "<group>";
		};
		9149DA97271DDB4A00E6D878 /* Utility */ = {
			isa = PBXGroup;
			children = (
				9149DA9F271DEC9800E6D878 /* Constant.swift */,
			);
			path = Utility;
			sourceTree = "<group>";
		};
		9149DA98271DDB5500E6D878 /* Style */ = {
			isa = PBXGroup;
			children = (
			);
			path = Style;
			sourceTree = "<group>";
		};
		9149DA99271DDB7F00E6D878 /* Model */ = {
			isa = PBXGroup;
			children = (
				9149DA68271DD9A600E6D878 /* Persistence.swift */,
				9149DA6A271DD9A600E6D878 /* Tasker.xcdatamodeld */,
			);
			path = Model;
			sourceTree = "<group>";
		};
/* End PBXGroup section */

/* Begin PBXNativeTarget section */
		9149DA5B271DD9A300E6D878 /* Tasker */ = {
			isa = PBXNativeTarget;
			buildConfigurationList = 9149DA85271DD9A600E6D878 /* Build configuration list for PBXNativeTarget "Tasker" */;
			buildPhases = (
				9149DA58271DD9A300E6D878 /* Sources */,
				9149DA59271DD9A300E6D878 /* Frameworks */,
				9149DA5A271DD9A300E6D878 /* Resources */,
			);
			buildRules = (
			);
			dependencies = (
			);
			name = Tasker;
			productName = Tasker;
			productReference = 9149DA5C271DD9A300E6D878 /* Tasker.app */;
			productType = "com.apple.product-type.application";
		};
		9149DA70271DD9A600E6D878 /* TaskerTests */ = {
			isa = PBXNativeTarget;
			buildConfigurationList = 9149DA88271DD9A600E6D878 /* Build configuration list for PBXNativeTarget "TaskerTests" */;
			buildPhases = (
				9149DA6D271DD9A600E6D878 /* Sources */,
				9149DA6E271DD9A600E6D878 /* Frameworks */,
				9149DA6F271DD9A600E6D878 /* Resources */,
			);
			buildRules = (
			);
			dependencies = (
				9149DA73271DD9A600E6D878 /* PBXTargetDependency */,
			);
			name = TaskerTests;
			productName = TaskerTests;
			productReference = 9149DA71271DD9A600E6D878 /* TaskerTests.xctest */;
			productType = "com.apple.product-type.bundle.unit-test";
		};
		9149DA7A271DD9A600E6D878 /* TaskerUITests */ = {
			isa = PBXNativeTarget;
			buildConfigurationList = 9149DA8B271DD9A600E6D878 /* Build configuration list for PBXNativeTarget "TaskerUITests" */;
			buildPhases = (
				9149DA77271DD9A600E6D878 /* Sources */,
				9149DA78271DD9A600E6D878 /* Frameworks */,
				9149DA79271DD9A600E6D878 /* Resources */,
			);
			buildRules = (
			);
			dependencies = (
				9149DA7D271DD9A600E6D878 /* PBXTargetDependency */,
			);
			name = TaskerUITests;
			productName = TaskerUITests;
			productReference = 9149DA7B271DD9A600E6D878 /* TaskerUITests.xctest */;
			productType = "com.apple.product-type.bundle.ui-testing";
		};
/* End PBXNativeTarget section */

/* Begin PBXProject section */
		9149DA54271DD9A300E6D878 /* Project object */ = {
			isa = PBXProject;
			attributes = {
				BuildIndependentTargetsInParallel = 1;
				LastSwiftUpdateCheck = 1300;
				LastUpgradeCheck = 1300;
				TargetAttributes = {
					9149DA5B271DD9A300E6D878 = {
						CreatedOnToolsVersion = 13.0;
					};
					9149DA70271DD9A600E6D878 = {
						CreatedOnToolsVersion = 13.0;
						TestTargetID = 9149DA5B271DD9A300E6D878;
					};
					9149DA7A271DD9A600E6D878 = {
						CreatedOnToolsVersion = 13.0;
						TestTargetID = 9149DA5B271DD9A300E6D878;
					};
				};
			};
			buildConfigurationList = 9149DA57271DD9A300E6D878 /* Build configuration list for PBXProject "Tasker" */;
			compatibilityVersion = "Xcode 13.0";
			developmentRegion = en;
			hasScannedForEncodings = 0;
			knownRegions = (
				en,
				Base,
			);
			mainGroup = 9149DA53271DD9A300E6D878;
			productRefGroup = 9149DA5D271DD9A300E6D878 /* Products */;
			projectDirPath = "";
			projectRoot = "";
			targets = (
				9149DA5B271DD9A300E6D878 /* Tasker */,
				9149DA70271DD9A600E6D878 /* TaskerTests */,
				9149DA7A271DD9A600E6D878 /* TaskerUITests */,
			);
		};
/* End PBXProject section */

/* Begin PBXResourcesBuildPhase section */
		9149DA5A271DD9A300E6D878 /* Resources */ = {
			isa = PBXResourcesBuildPhase;
			buildActionMask = 2147483647;
			files = (
				9149DA67271DD9A600E6D878 /* Preview Assets.xcassets in Resources */,
				9149DA92271DDAE200E6D878 /* sound-rise.mp3 in Resources */,
				9149DA64271DD9A600E6D878 /* Assets.xcassets in Resources */,
				9149DA93271DDAE200E6D878 /* sound-tap.mp3 in Resources */,
				9149DA91271DDAE200E6D878 /* sound-ding.mp3 in Resources */,
			);
			runOnlyForDeploymentPostprocessing = 0;
		};
		9149DA6F271DD9A600E6D878 /* Resources */ = {
			isa = PBXResourcesBuildPhase;
			buildActionMask = 2147483647;
			files = (
			);
			runOnlyForDeploymentPostprocessing = 0;
		};
		9149DA79271DD9A600E6D878 /* Resources */ = {
			isa = PBXResourcesBuildPhase;
			buildActionMask = 2147483647;
			files = (
			);
			runOnlyForDeploymentPostprocessing = 0;
		};
/* End PBXResourcesBuildPhase section */

/* Begin PBXSourcesBuildPhase section */
		9149DA58271DD9A300E6D878 /* Sources */ = {
			isa = PBXSourcesBuildPhase;
			buildActionMask = 2147483647;
			files = (
				9149DA69271DD9A600E6D878 /* Persistence.swift in Sources */,
				911FC070271F400500092960 /* BackgroundImageView.swift in Sources */,
				9149DA6C271DD9A600E6D878 /* Tasker.xcdatamodeld in Sources */,
				911FC06E271F30BF00092960 /* HideKeyboardExtension.swift in Sources */,
				9149DAA0271DEC9800E6D878 /* Constant.swift in Sources */,
				9149DA62271DD9A300E6D878 /* ContentView.swift in Sources */,
				9149DA60271DD9A300E6D878 /* TaskerApp.swift in Sources */,
			);
			runOnlyForDeploymentPostprocessing = 0;
		};
		9149DA6D271DD9A600E6D878 /* Sources */ = {
			isa = PBXSourcesBuildPhase;
			buildActionMask = 2147483647;
			files = (
				9149DA76271DD9A600E6D878 /* TaskerTests.swift in Sources */,
			);
			runOnlyForDeploymentPostprocessing = 0;
		};
		9149DA77271DD9A600E6D878 /* Sources */ = {
			isa = PBXSourcesBuildPhase;
			buildActionMask = 2147483647;
			files = (
				9149DA82271DD9A600E6D878 /* TaskerUITestsLaunchTests.swift in Sources */,
				9149DA80271DD9A600E6D878 /* TaskerUITests.swift in Sources */,
			);
			runOnlyForDeploymentPostprocessing = 0;
		};
/* End PBXSourcesBuildPhase section */

/* Begin PBXTargetDependency section */
		9149DA73271DD9A600E6D878 /* PBXTargetDependency */ = {
			isa = PBXTargetDependency;
			target = 9149DA5B271DD9A300E6D878 /* Tasker */;
			targetProxy = 9149DA72271DD9A600E6D878 /* PBXContainerItemProxy */;
		};
		9149DA7D271DD9A600E6D878 /* PBXTargetDependency */ = {
			isa = PBXTargetDependency;
			target = 9149DA5B271DD9A300E6D878 /* Tasker */;
			targetProxy = 9149DA7C271DD9A600E6D878 /* PBXContainerItemProxy */;
		};
/* End PBXTargetDependency section */

/* Begin XCBuildConfiguration section */
		9149DA83271DD9A600E6D878 /* Debug */ = {
			isa = XCBuildConfiguration;
			buildSettings = {
				ALWAYS_SEARCH_USER_PATHS = NO;
				CLANG_ANALYZER_NONNULL = YES;
				CLANG_ANALYZER_NUMBER_OBJECT_CONVERSION = YES_AGGRESSIVE;
				CLANG_CXX_LANGUAGE_STANDARD = "gnu++17";
				CLANG_CXX_LIBRARY = "libc++";
				CLANG_ENABLE_MODULES = YES;
				CLANG_ENABLE_OBJC_ARC = YES;
				CLANG_ENABLE_OBJC_WEAK = YES;
				CLANG_WARN_BLOCK_CAPTURE_AUTORELEASING = YES;
				CLANG_WARN_BOOL_CONVERSION = YES;
				CLANG_WARN_COMMA = YES;
				CLANG_WARN_CONSTANT_CONVERSION = YES;
				CLANG_WARN_DEPRECATED_OBJC_IMPLEMENTATIONS = YES;
				CLANG_WARN_DIRECT_OBJC_ISA_USAGE = YES_ERROR;
				CLANG_WARN_DOCUMENTATION_COMMENTS = YES;
				CLANG_WARN_EMPTY_BODY = YES;
				CLANG_WARN_ENUM_CONVERSION = YES;
				CLANG_WARN_INFINITE_RECURSION = YES;
				CLANG_WARN_INT_CONVERSION = YES;
				CLANG_WARN_NON_LITERAL_NULL_CONVERSION = YES;
				CLANG_WARN_OBJC_IMPLICIT_RETAIN_SELF = YES;
				CLANG_WARN_OBJC_LITERAL_CONVERSION = YES;
				CLANG_WARN_OBJC_ROOT_CLASS = YES_ERROR;
				CLANG_WARN_QUOTED_INCLUDE_IN_FRAMEWORK_HEADER = YES;
				CLANG_WARN_RANGE_LOOP_ANALYSIS = YES;
				CLANG_WARN_STRICT_PROTOTYPES = YES;
				CLANG_WARN_SUSPICIOUS_MOVE = YES;
				CLANG_WARN_UNGUARDED_AVAILABILITY = YES_AGGRESSIVE;
				CLANG_WARN_UNREACHABLE_CODE = YES;
				CLANG_WARN__DUPLICATE_METHOD_MATCH = YES;
				COPY_PHASE_STRIP = NO;
				DEBUG_INFORMATION_FORMAT = dwarf;
				ENABLE_STRICT_OBJC_MSGSEND = YES;
				ENABLE_TESTABILITY = YES;
				GCC_C_LANGUAGE_STANDARD = gnu11;
				GCC_DYNAMIC_NO_PIC = NO;
				GCC_NO_COMMON_BLOCKS = YES;
				GCC_OPTIMIZATION_LEVEL = 0;
				GCC_PREPROCESSOR_DEFINITIONS = (
					"DEBUG=1",
					"$(inherited)",
				);
				GCC_WARN_64_TO_32_BIT_CONVERSION = YES;
				GCC_WARN_ABOUT_RETURN_TYPE = YES_ERROR;
				GCC_WARN_UNDECLARED_SELECTOR = YES;
				GCC_WARN_UNINITIALIZED_AUTOS = YES_AGGRESSIVE;
				GCC_WARN_UNUSED_FUNCTION = YES;
				GCC_WARN_UNUSED_VARIABLE = YES;
				IPHONEOS_DEPLOYMENT_TARGET = 15.0;
				MTL_ENABLE_DEBUG_INFO = INCLUDE_SOURCE;
				MTL_FAST_MATH = YES;
				ONLY_ACTIVE_ARCH = YES;
				SDKROOT = iphoneos;
				SWIFT_ACTIVE_COMPILATION_CONDITIONS = DEBUG;
				SWIFT_OPTIMIZATION_LEVEL = "-Onone";
			};
			name = Debug;
		};
		9149DA84271DD9A600E6D878 /* Release */ = {
			isa = XCBuildConfiguration;
			buildSettings = {
				ALWAYS_SEARCH_USER_PATHS = NO;
				CLANG_ANALYZER_NONNULL = YES;
				CLANG_ANALYZER_NUMBER_OBJECT_CONVERSION = YES_AGGRESSIVE;
				CLANG_CXX_LANGUAGE_STANDARD = "gnu++17";
				CLANG_CXX_LIBRARY = "libc++";
				CLANG_ENABLE_MODULES = YES;
				CLANG_ENABLE_OBJC_ARC = YES;
				CLANG_ENABLE_OBJC_WEAK = YES;
				CLANG_WARN_BLOCK_CAPTURE_AUTORELEASING = YES;
				CLANG_WARN_BOOL_CONVERSION = YES;
				CLANG_WARN_COMMA = YES;
				CLANG_WARN_CONSTANT_CONVERSION = YES;
				CLANG_WARN_DEPRECATED_OBJC_IMPLEMENTATIONS = YES;
				CLANG_WARN_DIRECT_OBJC_ISA_USAGE = YES_ERROR;
				CLANG_WARN_DOCUMENTATION_COMMENTS = YES;
				CLANG_WARN_EMPTY_BODY = YES;
				CLANG_WARN_ENUM_CONVERSION = YES;
				CLANG_WARN_INFINITE_RECURSION = YES;
				CLANG_WARN_INT_CONVERSION = YES;
				CLANG_WARN_NON_LITERAL_NULL_CONVERSION = YES;
				CLANG_WARN_OBJC_IMPLICIT_RETAIN_SELF = YES;
				CLANG_WARN_OBJC_LITERAL_CONVERSION = YES;
				CLANG_WARN_OBJC_ROOT_CLASS = YES_ERROR;
				CLANG_WARN_QUOTED_INCLUDE_IN_FRAMEWORK_HEADER = YES;
				CLANG_WARN_RANGE_LOOP_ANALYSIS = YES;
				CLANG_WARN_STRICT_PROTOTYPES = YES;
				CLANG_WARN_SUSPICIOUS_MOVE = YES;
				CLANG_WARN_UNGUARDED_AVAILABILITY = YES_AGGRESSIVE;
				CLANG_WARN_UNREACHABLE_CODE = YES;
				CLANG_WARN__DUPLICATE_METHOD_MATCH = YES;
				COPY_PHASE_STRIP = NO;
				DEBUG_INFORMATION_FORMAT = "dwarf-with-dsym";
				ENABLE_NS_ASSERTIONS = NO;
				ENABLE_STRICT_OBJC_MSGSEND = YES;
				GCC_C_LANGUAGE_STANDARD = gnu11;
				GCC_NO_COMMON_BLOCKS = YES;
				GCC_WARN_64_TO_32_BIT_CONVERSION = YES;
				GCC_WARN_ABOUT_RETURN_TYPE = YES_ERROR;
				GCC_WARN_UNDECLARED_SELECTOR = YES;
				GCC_WARN_UNINITIALIZED_AUTOS = YES_AGGRESSIVE;
				GCC_WARN_UNUSED_FUNCTION = YES;
				GCC_WARN_UNUSED_VARIABLE = YES;
				IPHONEOS_DEPLOYMENT_TARGET = 15.0;
				MTL_ENABLE_DEBUG_INFO = NO;
				MTL_FAST_MATH = YES;
				SDKROOT = iphoneos;
				SWIFT_COMPILATION_MODE = wholemodule;
				SWIFT_OPTIMIZATION_LEVEL = "-O";
				VALIDATE_PRODUCT = YES;
			};
			name = Release;
		};
		9149DA86271DD9A600E6D878 /* Debug */ = {
			isa = XCBuildConfiguration;
			buildSettings = {
				ASSETCATALOG_COMPILER_APPICON_NAME = AppIcon;
				ASSETCATALOG_COMPILER_GLOBAL_ACCENT_COLOR_NAME = AccentColor;
				CODE_SIGN_STYLE = Automatic;
				CURRENT_PROJECT_VERSION = 1;
				DEVELOPMENT_ASSET_PATHS = "\"Tasker/Preview Content\"";
				DEVELOPMENT_TEAM = 8WH83DMLCD;
				ENABLE_PREVIEWS = YES;
				GENERATE_INFOPLIST_FILE = YES;
				INFOPLIST_FILE = Tasker/Info.plist;
				INFOPLIST_KEY_UIApplicationSceneManifest_Generation = YES;
				INFOPLIST_KEY_UIApplicationSupportsIndirectInputEvents = YES;
				INFOPLIST_KEY_UISupportedInterfaceOrientations = UIInterfaceOrientationPortrait;
				INFOPLIST_KEY_UISupportedInterfaceOrientations_iPad = "UIInterfaceOrientationPortrait UIInterfaceOrientationPortraitUpsideDown UIInterfaceOrientationLandscapeLeft UIInterfaceOrientationLandscapeRight";
				INFOPLIST_KEY_UISupportedInterfaceOrientations_iPhone = "UIInterfaceOrientationPortrait UIInterfaceOrientationLandscapeLeft UIInterfaceOrientationLandscapeRight";
				IPHONEOS_DEPLOYMENT_TARGET = 14.0;
				LD_RUNPATH_SEARCH_PATHS = (
					"$(inherited)",
					"@executable_path/Frameworks",
				);
				MARKETING_VERSION = 1.0;
				PRODUCT_BUNDLE_IDENTIFIER = com.LT.Tasker;
				PRODUCT_NAME = "$(TARGET_NAME)";
				SWIFT_EMIT_LOC_STRINGS = YES;
				SWIFT_VERSION = 5.0;
				TARGETED_DEVICE_FAMILY = "1,2";
			};
			name = Debug;
		};
		9149DA87271DD9A600E6D878 /* Release */ = {
			isa = XCBuildConfiguration;
			buildSettings = {
				ASSETCATALOG_COMPILER_APPICON_NAME = AppIcon;
				ASSETCATALOG_COMPILER_GLOBAL_ACCENT_COLOR_NAME = AccentColor;
				CODE_SIGN_STYLE = Automatic;
				CURRENT_PROJECT_VERSION = 1;
				DEVELOPMENT_ASSET_PATHS = "\"Tasker/Preview Content\"";
				DEVELOPMENT_TEAM = 8WH83DMLCD;
				ENABLE_PREVIEWS = YES;
				GENERATE_INFOPLIST_FILE = YES;
				INFOPLIST_FILE = Tasker/Info.plist;
				INFOPLIST_KEY_UIApplicationSceneManifest_Generation = YES;
				INFOPLIST_KEY_UIApplicationSupportsIndirectInputEvents = YES;
				INFOPLIST_KEY_UISupportedInterfaceOrientations = UIInterfaceOrientationPortrait;
				INFOPLIST_KEY_UISupportedInterfaceOrientations_iPad = "UIInterfaceOrientationPortrait UIInterfaceOrientationPortraitUpsideDown UIInterfaceOrientationLandscapeLeft UIInterfaceOrientationLandscapeRight";
				INFOPLIST_KEY_UISupportedInterfaceOrientations_iPhone = "UIInterfaceOrientationPortrait UIInterfaceOrientationLandscapeLeft UIInterfaceOrientationLandscapeRight";
				IPHONEOS_DEPLOYMENT_TARGET = 14.0;
				LD_RUNPATH_SEARCH_PATHS = (
					"$(inherited)",
					"@executable_path/Frameworks",
				);
				MARKETING_VERSION = 1.0;
				PRODUCT_BUNDLE_IDENTIFIER = com.LT.Tasker;
				PRODUCT_NAME = "$(TARGET_NAME)";
				SWIFT_EMIT_LOC_STRINGS = YES;
				SWIFT_VERSION = 5.0;
				TARGETED_DEVICE_FAMILY = "1,2";
			};
			name = Release;
		};
		9149DA89271DD9A600E6D878 /* Debug */ = {
			isa = XCBuildConfiguration;
			buildSettings = {
				ALWAYS_EMBED_SWIFT_STANDARD_LIBRARIES = YES;
				BUNDLE_LOADER = "$(TEST_HOST)";
				CODE_SIGN_STYLE = Automatic;
				CURRENT_PROJECT_VERSION = 1;
				DEVELOPMENT_TEAM = 8WH83DMLCD;
				GENERATE_INFOPLIST_FILE = YES;
				IPHONEOS_DEPLOYMENT_TARGET = 14.0;
				LD_RUNPATH_SEARCH_PATHS = (
					"$(inherited)",
					"@executable_path/Frameworks",
					"@loader_path/Frameworks",
				);
				MARKETING_VERSION = 1.0;
				PRODUCT_BUNDLE_IDENTIFIER = com.LT.TaskerTests;
				PRODUCT_NAME = "$(TARGET_NAME)";
				SWIFT_EMIT_LOC_STRINGS = NO;
				SWIFT_VERSION = 5.0;
				TARGETED_DEVICE_FAMILY = "1,2";
				TEST_HOST = "$(BUILT_PRODUCTS_DIR)/Tasker.app/Tasker";
			};
			name = Debug;
		};
		9149DA8A271DD9A600E6D878 /* Release */ = {
			isa = XCBuildConfiguration;
			buildSettings = {
				ALWAYS_EMBED_SWIFT_STANDARD_LIBRARIES = YES;
				BUNDLE_LOADER = "$(TEST_HOST)";
				CODE_SIGN_STYLE = Automatic;
				CURRENT_PROJECT_VERSION = 1;
				DEVELOPMENT_TEAM = 8WH83DMLCD;
				GENERATE_INFOPLIST_FILE = YES;
				IPHONEOS_DEPLOYMENT_TARGET = 14.0;
				LD_RUNPATH_SEARCH_PATHS = (
					"$(inherited)",
					"@executable_path/Frameworks",
					"@loader_path/Frameworks",
				);
				MARKETING_VERSION = 1.0;
				PRODUCT_BUNDLE_IDENTIFIER = com.LT.TaskerTests;
				PRODUCT_NAME = "$(TARGET_NAME)";
				SWIFT_EMIT_LOC_STRINGS = NO;
				SWIFT_VERSION = 5.0;
				TARGETED_DEVICE_FAMILY = "1,2";
				TEST_HOST = "$(BUILT_PRODUCTS_DIR)/Tasker.app/Tasker";
			};
			name = Release;
		};
		9149DA8C271DD9A600E6D878 /* Debug */ = {
			isa = XCBuildConfiguration;
			buildSettings = {
				ALWAYS_EMBED_SWIFT_STANDARD_LIBRARIES = YES;
				CODE_SIGN_STYLE = Automatic;
				CURRENT_PROJECT_VERSION = 1;
				DEVELOPMENT_TEAM = 8WH83DMLCD;
				GENERATE_INFOPLIST_FILE = YES;
				LD_RUNPATH_SEARCH_PATHS = (
					"$(inherited)",
					"@executable_path/Frameworks",
					"@loader_path/Frameworks",
				);
				MARKETING_VERSION = 1.0;
				PRODUCT_BUNDLE_IDENTIFIER = com.LT.TaskerUITests;
				PRODUCT_NAME = "$(TARGET_NAME)";
				SWIFT_EMIT_LOC_STRINGS = NO;
				SWIFT_VERSION = 5.0;
				TARGETED_DEVICE_FAMILY = "1,2";
				TEST_TARGET_NAME = Tasker;
			};
			name = Debug;
		};
		9149DA8D271DD9A600E6D878 /* Release */ = {
			isa = XCBuildConfiguration;
			buildSettings = {
				ALWAYS_EMBED_SWIFT_STANDARD_LIBRARIES = YES;
				CODE_SIGN_STYLE = Automatic;
				CURRENT_PROJECT_VERSION = 1;
				DEVELOPMENT_TEAM = 8WH83DMLCD;
				GENERATE_INFOPLIST_FILE = YES;
				LD_RUNPATH_SEARCH_PATHS = (
					"$(inherited)",
					"@executable_path/Frameworks",
					"@loader_path/Frameworks",
				);
				MARKETING_VERSION = 1.0;
				PRODUCT_BUNDLE_IDENTIFIER = com.LT.TaskerUITests;
				PRODUCT_NAME = "$(TARGET_NAME)";
				SWIFT_EMIT_LOC_STRINGS = NO;
				SWIFT_VERSION = 5.0;
				TARGETED_DEVICE_FAMILY = "1,2";
				TEST_TARGET_NAME = Tasker;
			};
			name = Release;
		};
/* End XCBuildConfiguration section */

/* Begin XCConfigurationList section */
		9149DA57271DD9A300E6D878 /* Build configuration list for PBXProject "Tasker" */ = {
			isa = XCConfigurationList;
			buildConfigurations = (
				9149DA83271DD9A600E6D878 /* Debug */,
				9149DA84271DD9A600E6D878 /* Release */,
			);
			defaultConfigurationIsVisible = 0;
			defaultConfigurationName = Release;
		};
		9149DA85271DD9A600E6D878 /* Build configuration list for PBXNativeTarget "Tasker" */ = {
			isa = XCConfigurationList;
			buildConfigurations = (
				9149DA86271DD9A600E6D878 /* Debug */,
				9149DA87271DD9A600E6D878 /* Release */,
			);
			defaultConfigurationIsVisible = 0;
			defaultConfigurationName = Release;
		};
		9149DA88271DD9A600E6D878 /* Build configuration list for PBXNativeTarget "TaskerTests" */ = {
			isa = XCConfigurationList;
			buildConfigurations = (
				9149DA89271DD9A600E6D878 /* Debug */,
				9149DA8A271DD9A600E6D878 /* Release */,
			);
			defaultConfigurationIsVisible = 0;
			defaultConfigurationName = Release;
		};
		9149DA8B271DD9A600E6D878 /* Build configuration list for PBXNativeTarget "TaskerUITests" */ = {
			isa = XCConfigurationList;
			buildConfigurations = (
				9149DA8C271DD9A600E6D878 /* Debug */,
				9149DA8D271DD9A600E6D878 /* Release */,
			);
			defaultConfigurationIsVisible = 0;
			defaultConfigurationName = Release;
		};
/* End XCConfigurationList section */

/* Begin XCVersionGroup section */
		9149DA6A271DD9A600E6D878 /* Tasker.xcdatamodeld */ = {
			isa = XCVersionGroup;
			children = (
				9149DA6B271DD9A600E6D878 /* Tasker.xcdatamodel */,
			);
			currentVersion = 9149DA6B271DD9A600E6D878 /* Tasker.xcdatamodel */;
			path = Tasker.xcdatamodeld;
			sourceTree = "<group>";
			versionGroupType = wrapper.xcdatamodel;
		};
/* End XCVersionGroup section */
	};
	rootObject = 9149DA54271DD9A300E6D878 /* Project object */;
}
